
Microsoft Visual Studio Solution File, Format Version 12.00
# Visual Studio Version 16
VisualStudioVersion = 16.0.30907.101
MinimumVisualStudioVersion = 10.0.40219.1
Project("{9A19103F-16F7-4668-BE54-9A1E7A4F7556}") = "JYORMApi", "JYORMApi\JYORMApi.csproj", "{68517163-BDF6-4835-8CF8-B7BCF7ECF7A9}"
EndProject
Project("{2150E333-8FDC-42A3-9474-1A3956D46DE8}") = "Solution Items", "Solution Items", "{59D32B70-7D52-4EBC-9CDA-2E77CD908561}"
	ProjectSection(SolutionItems) = preProject
		.editorconfig = .editorconfig
	EndProjectSection
EndProject
Project("{FAE04EC0-301F-11D3-BF4B-00C04F79EFBC}") = "JYORMClient", "JYORMClient\JYORMClient.csproj", "{76367C30-A7F6-4C8A-AE65-95E6352F1984}"
EndProject
Project("{9A19103F-16F7-4668-BE54-9A1E7A4F7556}") = "JYORMCommon", "JYORMCommon\JYORMCommon.csproj", "{67F74F8C-5021-41E9-8AD5-B18B07B6223F}"
EndProject
Project("{FAE04EC0-301F-11D3-BF4B-00C04F79EFBC}") = "JYTest", "JYTest\JYTest.csproj", "{6030B738-D630-4011-BB5D-654642816C19}"
EndProject
Global
	GlobalSection(SolutionConfigurationPlatforms) = preSolution
		Debug|Any CPU = Debug|Any CPU
		Release|Any CPU = Release|Any CPU
	EndGlobalSection
	GlobalSection(ProjectConfigurationPlatforms) = postSolution
		{68517163-BDF6-4835-8CF8-B7BCF7ECF7A9}.Debug|Any CPU.ActiveCfg = Debug|Any CPU
		{68517163-BDF6-4835-8CF8-B7BCF7ECF7A9}.Debug|Any CPU.Build.0 = Debug|Any CPU
		{68517163-BDF6-4835-8CF8-B7BCF7ECF7A9}.Release|Any CPU.ActiveCfg = Release|Any CPU
		{68517163-BDF6-4835-8CF8-B7BCF7ECF7A9}.Release|Any CPU.Build.0 = Release|Any CPU
		{76367C30-A7F6-4C8A-AE65-95E6352F1984}.Debug|Any CPU.ActiveCfg = Debug|Any CPU
		{76367C30-A7F6-4C8A-AE65-95E6352F1984}.Debug|Any CPU.Build.0 = Debug|Any CPU
		{76367C30-A7F6-4C8A-AE65-95E6352F1984}.Release|Any CPU.ActiveCfg = Release|Any CPU
		{76367C30-A7F6-4C8A-AE65-95E6352F1984}.Release|Any CPU.Build.0 = Release|Any CPU
		{67F74F8C-5021-41E9-8AD5-B18B07B6223F}.Debug|Any CPU.ActiveCfg = Debug|Any CPU
		{67F74F8C-5021-41E9-8AD5-B18B07B6223F}.Debug|Any CPU.Build.0 = Debug|Any CPU
		{67F74F8C-5021-41E9-8AD5-B18B07B6223F}.Release|Any CPU.ActiveCfg = Release|Any CPU
		{67F74F8C-5021-41E9-8AD5-B18B07B6223F}.Release|Any CPU.Build.0 = Release|Any CPU
		{6030B738-D630-4011-BB5D-654642816C19}.Debug|Any CPU.ActiveCfg = Debug|Any CPU
		{6030B738-D630-4011-BB5D-654642816C19}.Debug|Any CPU.Build.0 = Debug|Any CPU
		{6030B738-D630-4011-BB5D-654642816C19}.Release|Any CPU.ActiveCfg = Release|Any CPU
		{6030B738-D630-4011-BB5D-654642816C19}.Release|Any CPU.Build.0 = Release|Any CPU
	EndGlobalSection
	GlobalSection(SolutionProperties) = preSolution
		HideSolutionNode = FALSE
	EndGlobalSection
	GlobalSection(ExtensibilityGlobals) = postSolution
		SolutionGuid = {8EB7C7BD-C43F-4E09-8F4F-9EDA022688B7}
	EndGlobalSection
EndGlobal
